
Microsoft Visual Studio Solution File, Format Version 12.00
# Visual Studio Version 16
VisualStudioVersion = 16.0.29613.14
MinimumVisualStudioVersion = 10.0.40219.1
Project("{FAE04EC0-301F-11D3-BF4B-00C04F79EFBC}") = "MyContact", "MyContact\MyContact.csproj", "{23D2949D-8484-42E3-94B6-DD5D186270CE}"
EndProject
Global
	GlobalSection(SolutionConfigurationPlatforms) = preSolution
		Debug|Any CPU = Debug|Any CPU
		Release|Any CPU = Release|Any CPU
	EndGlobalSection
	GlobalSection(ProjectConfigurationPlatforms) = postSolution
		{23D2949D-8484-42E3-94B6-DD5D186270CE}.Debug|Any CPU.ActiveCfg = Debug|Any CPU
		{23D2949D-8484-42E3-94B6-DD5D186270CE}.Debug|Any CPU.Build.0 = Debug|Any CPU
		{23D2949D-8484-42E3-94B6-DD5D186270CE}.Release|Any CPU.ActiveCfg = Release|Any CPU
		{23D2949D-8484-42E3-94B6-DD5D186270CE}.Release|Any CPU.Build.0 = Release|Any CPU
	EndGlobalSection
	GlobalSection(SolutionProperties) = preSolution
		HideSolutionNode = FALSE
	EndGlobalSection
	GlobalSection(ExtensibilityGlobals) = postSolution
		SolutionGuid = {395D637A-CA7A-44FD-B171-06543F3BC405}
	EndGlobalSection
EndGlobal
